
Microsoft Visual Studio Solution File, Format Version 12.00
# Visual Studio 2012
Project("{8BC9CEB8-8B4A-11D0-8D11-00A0C91BC942}") = "s03.03_01_new_process", "3.3_1_new_process\3.3_1_new_process\3.3_1_new_process.vcxproj", "{473481CA-B131-42EF-A736-C3E937949741}"
EndProject
Project("{8BC9CEB8-8B4A-11D0-8D11-00A0C91BC942}") = "s03.06_01_pipe_parent", "3.6_1_pipe_parent\3.6_1_pipe.vcxproj", "{B1A192A5-EE8A-43F4-A3C2-AF45CECC1046}"
EndProject
Project("{8BC9CEB8-8B4A-11D0-8D11-00A0C91BC942}") = "s03.06_01_pipe_child", "3.6_1_pipe_client\3.6_1_pipe_client.vcxproj", "{A9B78EDC-BC34-47BE-A96B-FF4683E4F50E}"
EndProject
Project("{8BC9CEB8-8B4A-11D0-8D11-00A0C91BC942}") = "u03.26_pipe_send_receive", "u03.26_pipe_send_receive\u03.26_pipe_send_receive.vcxproj", "{842875A0-4024-4205-B942-E4612AA79C22}"
EndProject
Project("{8BC9CEB8-8B4A-11D0-8D11-00A0C91BC942}") = "u03.26_pipe_reverse", "u03.26_pipe_reverse\u03.26_pipe_reverse.vcxproj", "{73A679CC-0802-47D5-9B71-7C907E40D8A2}"
EndProject
Global
	GlobalSection(SolutionConfigurationPlatforms) = preSolution
		Debug|Win32 = Debug|Win32
		Release|Win32 = Release|Win32
	EndGlobalSection
	GlobalSection(ProjectConfigurationPlatforms) = postSolution
		{473481CA-B131-42EF-A736-C3E937949741}.Debug|Win32.ActiveCfg = Debug|Win32
		{473481CA-B131-42EF-A736-C3E937949741}.Debug|Win32.Build.0 = Debug|Win32
		{473481CA-B131-42EF-A736-C3E937949741}.Release|Win32.ActiveCfg = Release|Win32
		{473481CA-B131-42EF-A736-C3E937949741}.Release|Win32.Build.0 = Release|Win32
		{B1A192A5-EE8A-43F4-A3C2-AF45CECC1046}.Debug|Win32.ActiveCfg = Debug|Win32
		{B1A192A5-EE8A-43F4-A3C2-AF45CECC1046}.Debug|Win32.Build.0 = Debug|Win32
		{B1A192A5-EE8A-43F4-A3C2-AF45CECC1046}.Release|Win32.ActiveCfg = Release|Win32
		{B1A192A5-EE8A-43F4-A3C2-AF45CECC1046}.Release|Win32.Build.0 = Release|Win32
		{A9B78EDC-BC34-47BE-A96B-FF4683E4F50E}.Debug|Win32.ActiveCfg = Debug|Win32
		{A9B78EDC-BC34-47BE-A96B-FF4683E4F50E}.Debug|Win32.Build.0 = Debug|Win32
		{A9B78EDC-BC34-47BE-A96B-FF4683E4F50E}.Release|Win32.ActiveCfg = Release|Win32
		{A9B78EDC-BC34-47BE-A96B-FF4683E4F50E}.Release|Win32.Build.0 = Release|Win32
		{842875A0-4024-4205-B942-E4612AA79C22}.Debug|Win32.ActiveCfg = Debug|Win32
		{842875A0-4024-4205-B942-E4612AA79C22}.Debug|Win32.Build.0 = Debug|Win32
		{842875A0-4024-4205-B942-E4612AA79C22}.Release|Win32.ActiveCfg = Release|Win32
		{842875A0-4024-4205-B942-E4612AA79C22}.Release|Win32.Build.0 = Release|Win32
		{73A679CC-0802-47D5-9B71-7C907E40D8A2}.Debug|Win32.ActiveCfg = Debug|Win32
		{73A679CC-0802-47D5-9B71-7C907E40D8A2}.Debug|Win32.Build.0 = Debug|Win32
		{73A679CC-0802-47D5-9B71-7C907E40D8A2}.Release|Win32.ActiveCfg = Release|Win32
		{73A679CC-0802-47D5-9B71-7C907E40D8A2}.Release|Win32.Build.0 = Release|Win32
	EndGlobalSection
	GlobalSection(SolutionProperties) = preSolution
		HideSolutionNode = FALSE
	EndGlobalSection
EndGlobal
